
Microsoft Visual Studio Solution File, Format Version 12.00
# Visual Studio Version 16
VisualStudioVersion = 16.0.30114.105
MinimumVisualStudioVersion = 10.0.40219.1
Project("{FAE04EC0-301F-11D3-BF4B-00C04F79EFBC}") = "CourterClient.Gui", "CourterClient.Gui\CourterClient.Gui.csproj", "{79E14257-94B5-4740-95D3-60D0880D6DD6}"
EndProject
Project("{FAE04EC0-301F-11D3-BF4B-00C04F79EFBC}") = "CourterClient.ApiClient", "CourterClient.ApiClient\CourterClient.ApiClient.csproj", "{A556A997-D04C-4B73-853A-E21DB9BE4D11}"
EndProject
Global
	GlobalSection(SolutionConfigurationPlatforms) = preSolution
		Debug|Any CPU = Debug|Any CPU
		Release|Any CPU = Release|Any CPU
	EndGlobalSection
	GlobalSection(SolutionProperties) = preSolution
		HideSolutionNode = FALSE
	EndGlobalSection
	GlobalSection(ProjectConfigurationPlatforms) = postSolution
		{79E14257-94B5-4740-95D3-60D0880D6DD6}.Debug|Any CPU.ActiveCfg = Debug|Any CPU
		{79E14257-94B5-4740-95D3-60D0880D6DD6}.Debug|Any CPU.Build.0 = Debug|Any CPU
		{79E14257-94B5-4740-95D3-60D0880D6DD6}.Release|Any CPU.ActiveCfg = Release|Any CPU
		{79E14257-94B5-4740-95D3-60D0880D6DD6}.Release|Any CPU.Build.0 = Release|Any CPU
		{A556A997-D04C-4B73-853A-E21DB9BE4D11}.Debug|Any CPU.ActiveCfg = Debug|Any CPU
		{A556A997-D04C-4B73-853A-E21DB9BE4D11}.Debug|Any CPU.Build.0 = Debug|Any CPU
		{A556A997-D04C-4B73-853A-E21DB9BE4D11}.Release|Any CPU.ActiveCfg = Release|Any CPU
		{A556A997-D04C-4B73-853A-E21DB9BE4D11}.Release|Any CPU.Build.0 = Release|Any CPU
	EndGlobalSection
EndGlobal
